// !$*UTF8*$!
{
	archiveVersion = 1;
	classes = {
	};
	objectVersion = 46;
	objects = {

/* Begin PBXBuildFile section */
		726386621ADCCD5E00E20650 /* AppDelegate.swift in Sources */ = {isa = PBXBuildFile; fileRef = 726386611ADCCD5E00E20650 /* AppDelegate.swift */; };
		726386641ADCCD5E00E20650 /* ViewController.swift in Sources */ = {isa = PBXBuildFile; fileRef = 726386631ADCCD5E00E20650 /* ViewController.swift */; };
		726386671ADCCD5E00E20650 /* Main.storyboard in Resources */ = {isa = PBXBuildFile; fileRef = 726386651ADCCD5E00E20650 /* Main.storyboard */; };
		726386691ADCCD5E00E20650 /* Images.xcassets in Resources */ = {isa = PBXBuildFile; fileRef = 726386681ADCCD5E00E20650 /* Images.xcassets */; };
		7263866C1ADCCD5E00E20650 /* LaunchScreen.xib in Resources */ = {isa = PBXBuildFile; fileRef = 7263866A1ADCCD5E00E20650 /* LaunchScreen.xib */; };
		726386781ADCCD5E00E20650 /* asacalTests.swift in Sources */ = {isa = PBXBuildFile; fileRef = 726386771ADCCD5E00E20650 /* asacalTests.swift */; };
		CA859914095BA001D28B67B7 /* libPods-asacal.a in Frameworks */ = {isa = PBXBuildFile; fileRef = AD98417F28F2B5E86E63E71A /* libPods-asacal.a */; };
/* End PBXBuildFile section */

/* Begin PBXContainerItemProxy section */
		726386721ADCCD5E00E20650 /* PBXContainerItemProxy */ = {
			isa = PBXContainerItemProxy;
			containerPortal = 726386541ADCCD5E00E20650 /* Project object */;
			proxyType = 1;
			remoteGlobalIDString = 7263865B1ADCCD5E00E20650;
			remoteInfo = asacal;
		};
/* End PBXContainerItemProxy section */

/* Begin PBXFileReference section */
		7263865C1ADCCD5E00E20650 /* asacal.app */ = {isa = PBXFileReference; explicitFileType = wrapper.application; includeInIndex = 0; path = asacal.app; sourceTree = BUILT_PRODUCTS_DIR; };
		726386601ADCCD5E00E20650 /* Info.plist */ = {isa = PBXFileReference; lastKnownFileType = text.plist.xml; path = Info.plist; sourceTree = "<group>"; };
		726386611ADCCD5E00E20650 /* AppDelegate.swift */ = {isa = PBXFileReference; lastKnownFileType = sourcecode.swift; path = AppDelegate.swift; sourceTree = "<group>"; };
		726386631ADCCD5E00E20650 /* ViewController.swift */ = {isa = PBXFileReference; lastKnownFileType = sourcecode.swift; path = ViewController.swift; sourceTree = "<group>"; };
		726386661ADCCD5E00E20650 /* Base */ = {isa = PBXFileReference; lastKnownFileType = file.storyboard; name = Base; path = Base.lproj/Main.storyboard; sourceTree = "<group>"; };
		726386681ADCCD5E00E20650 /* Images.xcassets */ = {isa = PBXFileReference; lastKnownFileType = folder.assetcatalog; path = Images.xcassets; sourceTree = "<group>"; };
		7263866B1ADCCD5E00E20650 /* Base */ = {isa = PBXFileReference; lastKnownFileType = file.xib; name = Base; path = Base.lproj/LaunchScreen.xib; sourceTree = "<group>"; };
		726386711ADCCD5E00E20650 /* asacalTests.xctest */ = {isa = PBXFileReference; explicitFileType = wrapper.cfbundle; includeInIndex = 0; path = asacalTests.xctest; sourceTree = BUILT_PRODUCTS_DIR; };
		726386761ADCCD5E00E20650 /* Info.plist */ = {isa = PBXFileReference; lastKnownFileType = text.plist.xml; path = Info.plist; sourceTree = "<group>"; };
		726386771ADCCD5E00E20650 /* asacalTests.swift */ = {isa = PBXFileReference; lastKnownFileType = sourcecode.swift; path = asacalTests.swift; sourceTree = "<group>"; };
		AD98417F28F2B5E86E63E71A /* libPods-asacal.a */ = {isa = PBXFileReference; explicitFileType = archive.ar; includeInIndex = 0; path = "libPods-asacal.a"; sourceTree = BUILT_PRODUCTS_DIR; };
		BF940602CABD434C95597740 /* Pods-asacal.debug.xcconfig */ = {isa = PBXFileReference; includeInIndex = 1; lastKnownFileType = text.xcconfig; name = "Pods-asacal.debug.xcconfig"; path = "Pods/Target Support Files/Pods-asacal/Pods-asacal.debug.xcconfig"; sourceTree = "<group>"; };
		C17D1A6213D95BC7B110B8E9 /* Pods-asacal.release.xcconfig */ = {isa = PBXFileReference; includeInIndex = 1; lastKnownFileType = text.xcconfig; name = "Pods-asacal.release.xcconfig"; path = "Pods/Target Support Files/Pods-asacal/Pods-asacal.release.xcconfig"; sourceTree = "<group>"; };
/* End PBXFileReference section */

/* Begin PBXFrameworksBuildPhase section */
		726386591ADCCD5E00E20650 /* Frameworks */ = {
			isa = PBXFrameworksBuildPhase;
			buildActionMask = 2147483647;
			files = (
				CA859914095BA001D28B67B7 /* libPods-asacal.a in Frameworks */,
			);
			runOnlyForDeploymentPostprocessing = 0;
		};
		7263866E1ADCCD5E00E20650 /* Frameworks */ = {
			isa = PBXFrameworksBuildPhase;
			buildActionMask = 2147483647;
			files = (
			);
			runOnlyForDeploymentPostprocessing = 0;
		};
/* End PBXFrameworksBuildPhase section */

/* Begin PBXGroup section */
		726386531ADCCD5E00E20650 = {
			isa = PBXGroup;
			children = (
				7263865E1ADCCD5E00E20650 /* asacal */,
				726386741ADCCD5E00E20650 /* asacalTests */,
				7263865D1ADCCD5E00E20650 /* Products */,
				D899DF7313758CE2328D5459 /* Pods */,
				7A2DEE8C754C1583873A0097 /* Frameworks */,
			);
			sourceTree = "<group>";
		};
		7263865D1ADCCD5E00E20650 /* Products */ = {
			isa = PBXGroup;
			children = (
				7263865C1ADCCD5E00E20650 /* asacal.app */,
				726386711ADCCD5E00E20650 /* asacalTests.xctest */,
			);
			name = Products;
			sourceTree = "<group>";
		};
		7263865E1ADCCD5E00E20650 /* asacal */ = {
			isa = PBXGroup;
			children = (
				726386611ADCCD5E00E20650 /* AppDelegate.swift */,
				726386631ADCCD5E00E20650 /* ViewController.swift */,
				726386651ADCCD5E00E20650 /* Main.storyboard */,
				726386681ADCCD5E00E20650 /* Images.xcassets */,
				7263866A1ADCCD5E00E20650 /* LaunchScreen.xib */,
				7263865F1ADCCD5E00E20650 /* Supporting Files */,
			);
			path = asacal;
			sourceTree = "<group>";
		};
		7263865F1ADCCD5E00E20650 /* Supporting Files */ = {
			isa = PBXGroup;
			children = (
				726386601ADCCD5E00E20650 /* Info.plist */,
			);
			name = "Supporting Files";
			sourceTree = "<group>";
		};
		726386741ADCCD5E00E20650 /* asacalTests */ = {
			isa = PBXGroup;
			children = (
				726386771ADCCD5E00E20650 /* asacalTests.swift */,
				726386751ADCCD5E00E20650 /* Supporting Files */,
			);
			path = asacalTests;
			sourceTree = "<group>";
		};
		726386751ADCCD5E00E20650 /* Supporting Files */ = {
			isa = PBXGroup;
			children = (
				726386761ADCCD5E00E20650 /* Info.plist */,
			);
			name = "Supporting Files";
			sourceTree = "<group>";
		};
		7A2DEE8C754C1583873A0097 /* Frameworks */ = {
			isa = PBXGroup;
			children = (
				AD98417F28F2B5E86E63E71A /* libPods-asacal.a */,
			);
			name = Frameworks;
			sourceTree = "<group>";
		};
		D899DF7313758CE2328D5459 /* Pods */ = {
			isa = PBXGroup;
			children = (
				BF940602CABD434C95597740 /* Pods-asacal.debug.xcconfig */,
				C17D1A6213D95BC7B110B8E9 /* Pods-asacal.release.xcconfig */,
			);
			name = Pods;
			sourceTree = "<group>";
		};
/* End PBXGroup section */

/* Begin PBXNativeTarget section */
		7263865B1ADCCD5E00E20650 /* asacal */ = {
			isa = PBXNativeTarget;
			buildConfigurationList = 7263867B1ADCCD5E00E20650 /* Build configuration list for PBXNativeTarget "asacal" */;
			buildPhases = (
				07D20BF7691B85BFBD3E620F /* Check Pods Manifest.lock */,
				726386581ADCCD5E00E20650 /* Sources */,
				726386591ADCCD5E00E20650 /* Frameworks */,
				7263865A1ADCCD5E00E20650 /* Resources */,
				DC2E443E63959869B0447807 /* Copy Pods Resources */,
			);
			buildRules = (
			);
			dependencies = (
			);
			name = asacal;
			productName = asacal;
			productReference = 7263865C1ADCCD5E00E20650 /* asacal.app */;
			productType = "com.apple.product-type.application";
		};
		726386701ADCCD5E00E20650 /* asacalTests */ = {
			isa = PBXNativeTarget;
			buildConfigurationList = 7263867E1ADCCD5E00E20650 /* Build configuration list for PBXNativeTarget "asacalTests" */;
			buildPhases = (
				7263866D1ADCCD5E00E20650 /* Sources */,
				7263866E1ADCCD5E00E20650 /* Frameworks */,
				7263866F1ADCCD5E00E20650 /* Resources */,
			);
			buildRules = (
			);
			dependencies = (
				726386731ADCCD5E00E20650 /* PBXTargetDependency */,
			);
			name = asacalTests;
			productName = asacalTests;
			productReference = 726386711ADCCD5E00E20650 /* asacalTests.xctest */;
			productType = "com.apple.product-type.bundle.unit-test";
		};
/* End PBXNativeTarget section */

/* Begin PBXProject section */
		726386541ADCCD5E00E20650 /* Project object */ = {
			isa = PBXProject;
			attributes = {
				LastUpgradeCheck = 0630;
				ORGANIZATIONNAME = "Roy Xue";
				TargetAttributes = {
					7263865B1ADCCD5E00E20650 = {
						CreatedOnToolsVersion = 6.3;
					};
					726386701ADCCD5E00E20650 = {
						CreatedOnToolsVersion = 6.3;
						TestTargetID = 7263865B1ADCCD5E00E20650;
					};
				};
			};
			buildConfigurationList = 726386571ADCCD5E00E20650 /* Build configuration list for PBXProject "asacal" */;
			compatibilityVersion = "Xcode 3.2";
			developmentRegion = English;
			hasScannedForEncodings = 0;
			knownRegions = (
				en,
				Base,
			);
			mainGroup = 726386531ADCCD5E00E20650;
			productRefGroup = 7263865D1ADCCD5E00E20650 /* Products */;
			projectDirPath = "";
			projectRoot = "";
			targets = (
				7263865B1ADCCD5E00E20650 /* asacal */,
				726386701ADCCD5E00E20650 /* asacalTests */,
			);
		};
/* End PBXProject section */

/* Begin PBXResourcesBuildPhase section */
		7263865A1ADCCD5E00E20650 /* Resources */ = {
			isa = PBXResourcesBuildPhase;
			buildActionMask = 2147483647;
			files = (
				726386671ADCCD5E00E20650 /* Main.storyboard in Resources */,
				7263866C1ADCCD5E00E20650 /* LaunchScreen.xib in Resources */,
				726386691ADCCD5E00E20650 /* Images.xcassets in Resources */,
			);
			runOnlyForDeploymentPostprocessing = 0;
		};
		7263866F1ADCCD5E00E20650 /* Resources */ = {
			isa = PBXResourcesBuildPhase;
			buildActionMask = 2147483647;
			files = (
			);
			runOnlyForDeploymentPostprocessing = 0;
		};
/* End PBXResourcesBuildPhase section */

/* Begin PBXShellScriptBuildPhase section */
		07D20BF7691B85BFBD3E620F /* Check Pods Manifest.lock */ = {
			isa = PBXShellScriptBuildPhase;
			buildActionMask = 2147483647;
			files = (
			);
			inputPaths = (
			);
			name = "Check Pods Manifest.lock";
			outputPaths = (
			);
			runOnlyForDeploymentPostprocessing = 0;
			shellPath = /bin/sh;
			shellScript = "diff \"${PODS_ROOT}/../Podfile.lock\" \"${PODS_ROOT}/Manifest.lock\" > /dev/null\nif [[ $? != 0 ]] ; then\n    cat << EOM\nerror: The sandbox is not in sync with the Podfile.lock. Run 'pod install' or update your CocoaPods installation.\nEOM\n    exit 1\nfi\n";
			showEnvVarsInLog = 0;
		};
		DC2E443E63959869B0447807 /* Copy Pods Resources */ = {
			isa = PBXShellScriptBuildPhase;
			buildActionMask = 2147483647;
			files = (
			);
			inputPaths = (
			);
			name = "Copy Pods Resources";
			outputPaths = (
			);
			runOnlyForDeploymentPostprocessing = 0;
			shellPath = /bin/sh;
			shellScript = "\"${SRCROOT}/Pods/Target Support Files/Pods-asacal/Pods-asacal-resources.sh\"\n";
			showEnvVarsInLog = 0;
		};
/* End PBXShellScriptBuildPhase section */

/* Begin PBXSourcesBuildPhase section */
		726386581ADCCD5E00E20650 /* Sources */ = {
			isa = PBXSourcesBuildPhase;
			buildActionMask = 2147483647;
			files = (
				726386641ADCCD5E00E20650 /* ViewController.swift in Sources */,
				726386621ADCCD5E00E20650 /* AppDelegate.swift in Sources */,
			);
			runOnlyForDeploymentPostprocessing = 0;
		};
		7263866D1ADCCD5E00E20650 /* Sources */ = {
			isa = PBXSourcesBuildPhase;
			buildActionMask = 2147483647;
			files = (
				726386781ADCCD5E00E20650 /* asacalTests.swift in Sources */,
			);
			runOnlyForDeploymentPostprocessing = 0;
		};
/* End PBXSourcesBuildPhase section */

/* Begin PBXTargetDependency section */
		726386731ADCCD5E00E20650 /* PBXTargetDependency */ = {
			isa = PBXTargetDependency;
			target = 7263865B1ADCCD5E00E20650 /* asacal */;
			targetProxy = 726386721ADCCD5E00E20650 /* PBXContainerItemProxy */;
		};
/* End PBXTargetDependency section */

/* Begin PBXVariantGroup section */
		726386651ADCCD5E00E20650 /* Main.storyboard */ = {
			isa = PBXVariantGroup;
			children = (
				726386661ADCCD5E00E20650 /* Base */,
			);
			name = Main.storyboard;
			sourceTree = "<group>";
		};
		7263866A1ADCCD5E00E20650 /* LaunchScreen.xib */ = {
			isa = PBXVariantGroup;
			children = (
				7263866B1ADCCD5E00E20650 /* Base */,
			);
			name = LaunchScreen.xib;
			sourceTree = "<group>";
		};
/* End PBXVariantGroup section */

/* Begin XCBuildConfiguration section */
		726386791ADCCD5E00E20650 /* Debug */ = {
			isa = XCBuildConfiguration;
			buildSettings = {
				ALWAYS_SEARCH_USER_PATHS = NO;
				CLANG_CXX_LANGUAGE_STANDARD = "gnu++0x";
				CLANG_CXX_LIBRARY = "libc++";
				CLANG_ENABLE_MODULES = YES;
				CLANG_ENABLE_OBJC_ARC = YES;
				CLANG_WARN_BOOL_CONVERSION = YES;
				CLANG_WARN_CONSTANT_CONVERSION = YES;
				CLANG_WARN_DIRECT_OBJC_ISA_USAGE = YES_ERROR;
				CLANG_WARN_EMPTY_BODY = YES;
				CLANG_WARN_ENUM_CONVERSION = YES;
				CLANG_WARN_INT_CONVERSION = YES;
				CLANG_WARN_OBJC_ROOT_CLASS = YES_ERROR;
				CLANG_WARN_UNREACHABLE_CODE = YES;
				CLANG_WARN__DUPLICATE_METHOD_MATCH = YES;
				"CODE_SIGN_IDENTITY[sdk=iphoneos*]" = "iPhone Developer";
				COPY_PHASE_STRIP = NO;
				DEBUG_INFORMATION_FORMAT = "dwarf-with-dsym";
				ENABLE_STRICT_OBJC_MSGSEND = YES;
				GCC_C_LANGUAGE_STANDARD = gnu99;
				GCC_DYNAMIC_NO_PIC = NO;
				GCC_NO_COMMON_BLOCKS = YES;
				GCC_OPTIMIZATION_LEVEL = 0;
				GCC_PREPROCESSOR_DEFINITIONS = (
					"DEBUG=1",
					"$(inherited)",
				);
				GCC_SYMBOLS_PRIVATE_EXTERN = NO;
				GCC_WARN_64_TO_32_BIT_CONVERSION = YES;
				GCC_WARN_ABOUT_RETURN_TYPE = YES_ERROR;
				GCC_WARN_UNDECLARED_SELECTOR = YES;
				GCC_WARN_UNINITIALIZED_AUTOS = YES_AGGRESSIVE;
				GCC_WARN_UNUSED_FUNCTION = YES;
				GCC_WARN_UNUSED_VARIABLE = YES;
				IPHONEOS_DEPLOYMENT_TARGET = 8.3;
				MTL_ENABLE_DEBUG_INFO = YES;
				ONLY_ACTIVE_ARCH = YES;
				SDKROOT = iphoneos;
				SWIFT_OPTIMIZATION_LEVEL = "-Onone";
			};
			name = Debug;
		};
		7263867A1ADCCD5E00E20650 /* Release */ = {
			isa = XCBuildConfiguration;
			buildSettings = {
				ALWAYS_SEARCH_USER_PATHS = NO;
				CLANG_CXX_LANGUAGE_STANDARD = "gnu++0x";
				CLANG_CXX_LIBRARY = "libc++";
				CLANG_ENABLE_MODULES = YES;
				CLANG_ENABLE_OBJC_ARC = YES;
				CLANG_WARN_BOOL_CONVERSION = YES;
				CLANG_WARN_CONSTANT_CONVERSION = YES;
				CLANG_WARN_DIRECT_OBJC_ISA_USAGE = YES_ERROR;
				CLANG_WARN_EMPTY_BODY = YES;
				CLANG_WARN_ENUM_CONVERSION = YES;
				CLANG_WARN_INT_CONVERSION = YES;
				CLANG_WARN_OBJC_ROOT_CLASS = YES_ERROR;
				CLANG_WARN_UNREACHABLE_CODE = YES;
				CLANG_WARN__DUPLICATE_METHOD_MATCH = YES;
				"CODE_SIGN_IDENTITY[sdk=iphoneos*]" = "iPhone Developer";
				COPY_PHASE_STRIP = NO;
				DEBUG_INFORMATION_FORMAT = "dwarf-with-dsym";
				ENABLE_NS_ASSERTIONS = NO;
				ENABLE_STRICT_OBJC_MSGSEND = YES;
				GCC_C_LANGUAGE_STANDARD = gnu99;
				GCC_NO_COMMON_BLOCKS = YES;
				GCC_WARN_64_TO_32_BIT_CONVERSION = YES;
				GCC_WARN_ABOUT_RETURN_TYPE = YES_ERROR;
				GCC_WARN_UNDECLARED_SELECTOR = YES;
				GCC_WARN_UNINITIALIZED_AUTOS = YES_AGGRESSIVE;
				GCC_WARN_UNUSED_FUNCTION = YES;
				GCC_WARN_UNUSED_VARIABLE = YES;
				IPHONEOS_DEPLOYMENT_TARGET = 8.3;
				MTL_ENABLE_DEBUG_INFO = NO;
				SDKROOT = iphoneos;
				VALIDATE_PRODUCT = YES;
			};
			name = Release;
		};
		7263867C1ADCCD5E00E20650 /* Debug */ = {
			isa = XCBuildConfiguration;
			baseConfigurationReference = BF940602CABD434C95597740 /* Pods-asacal.debug.xcconfig */;
			buildSettings = {
				ASSETCATALOG_COMPILER_APPICON_NAME = AppIcon;
				INFOPLIST_FILE = asacal/Info.plist;
				LD_RUNPATH_SEARCH_PATHS = "$(inherited) @executable_path/Frameworks";
				PRODUCT_NAME = "$(TARGET_NAME)";
			};
			name = Debug;
		};
		7263867D1ADCCD5E00E20650 /* Release */ = {
			isa = XCBuildConfiguration;
			baseConfigurationReference = C17D1A6213D95BC7B110B8E9 /* Pods-asacal.release.xcconfig */;
			buildSettings = {
				ASSETCATALOG_COMPILER_APPICON_NAME = AppIcon;
				INFOPLIST_FILE = asacal/Info.plist;
				LD_RUNPATH_SEARCH_PATHS = "$(inherited) @executable_path/Frameworks";
				PRODUCT_NAME = "$(TARGET_NAME)";
			};
			name = Release;
		};
		7263867F1ADCCD5E00E20650 /* Debug */ = {
			isa = XCBuildConfiguration;
			buildSettings = {
				BUNDLE_LOADER = "$(TEST_HOST)";
				FRAMEWORK_SEARCH_PATHS = (
					"$(SDKROOT)/Developer/Library/Frameworks",
					"$(inherited)",
				);
				GCC_PREPROCESSOR_DEFINITIONS = (
					"DEBUG=1",
					"$(inherited)",
				);
				INFOPLIST_FILE = asacalTests/Info.plist;
				LD_RUNPATH_SEARCH_PATHS = "$(inherited) @executable_path/Frameworks @loader_path/Frameworks";
				PRODUCT_NAME = "$(TARGET_NAME)";
				TEST_HOST = "$(BUILT_PRODUCTS_DIR)/asacal.app/asacal";
			};
			name = Debug;
		};
		726386801ADCCD5E00E20650 /* Release */ = {
			isa = XCBuildConfiguration;
			buildSettings = {
				BUNDLE_LOADER = "$(TEST_HOST)";
				FRAMEWORK_SEARCH_PATHS = (
					"$(SDKROOT)/Developer/Library/Frameworks",
					"$(inherited)",
				);
				INFOPLIST_FILE = asacalTests/Info.plist;
				LD_RUNPATH_SEARCH_PATHS = "$(inherited) @executable_path/Frameworks @loader_path/Frameworks";
				PRODUCT_NAME = "$(TARGET_NAME)";
				TEST_HOST = "$(BUILT_PRODUCTS_DIR)/asacal.app/asacal";
			};
			name = Release;
		};
/* End XCBuildConfiguration section */

/* Begin XCConfigurationList section */
		726386571ADCCD5E00E20650 /* Build configuration list for PBXProject "asacal" */ = {
			isa = XCConfigurationList;
			buildConfigurations = (
				726386791ADCCD5E00E20650 /* Debug */,
				7263867A1ADCCD5E00E20650 /* Release */,
			);
			defaultConfigurationIsVisible = 0;
			defaultConfigurationName = Release;
		};
		7263867B1ADCCD5E00E20650 /* Build configuration list for PBXNativeTarget "asacal" */ = {
			isa = XCConfigurationList;
			buildConfigurations = (
				7263867C1ADCCD5E00E20650 /* Debug */,
				7263867D1ADCCD5E00E20650 /* Release */,
			);
			defaultConfigurationIsVisible = 0;
			defaultConfigurationName = Release;
		};
		7263867E1ADCCD5E00E20650 /* Build configuration list for PBXNativeTarget "asacalTests" */ = {
			isa = XCConfigurationList;
			buildConfigurations = (
				7263867F1ADCCD5E00E20650 /* Debug */,
				726386801ADCCD5E00E20650 /* Release */,
			);
			defaultConfigurationIsVisible = 0;
			defaultConfigurationName = Release;
		};
/* End XCConfigurationList section */
	};
	rootObject = 726386541ADCCD5E00E20650 /* Project object */;
}
